// !$*UTF8*$!
{
	archiveVersion = 1;
	classes = {
	};
	objectVersion = 56;
	objects = {

/* Begin PBXBuildFile section */
		B35916E72B17CB09006251ED /* main.swift in Sources */ = {isa = PBXBuildFile; fileRef = B35916E62B17CB09006251ED /* main.swift */; };
		B35916F02B17D17D006251ED /* MenuItem.swift in Sources */ = {isa = PBXBuildFile; fileRef = B35916EF2B17D17D006251ED /* MenuItem.swift */; };
		B35916F32B17D3A0006251ED /* StorageSpaceController.swift in Sources */ = {isa = PBXBuildFile; fileRef = B35916F22B17D3A0006251ED /* StorageSpaceController.swift */; };
		B35916F52B17D408006251ED /* StorageSpaceModel.swift in Sources */ = {isa = PBXBuildFile; fileRef = B35916F42B17D408006251ED /* StorageSpaceModel.swift */; };
		B35916F72B17D453006251ED /* StorageSpaceView.swift in Sources */ = {isa = PBXBuildFile; fileRef = B35916F62B17D453006251ED /* StorageSpaceView.swift */; };
		B35916FA2B17E11C006251ED /* StorageInformationView.swift in Sources */ = {isa = PBXBuildFile; fileRef = B35916F92B17E11C006251ED /* StorageInformationView.swift */; };
		B35916FC2B17E12B006251ED /* StorageInformationModel.swift in Sources */ = {isa = PBXBuildFile; fileRef = B35916FB2B17E12B006251ED /* StorageInformationModel.swift */; };
		B35916FE2B17E137006251ED /* StorageInformationController.swift in Sources */ = {isa = PBXBuildFile; fileRef = B35916FD2B17E137006251ED /* StorageInformationController.swift */; };
/* End PBXBuildFile section */

/* Begin PBXCopyFilesBuildPhase section */
		B35916E12B17CB09006251ED /* CopyFiles */ = {
			isa = PBXCopyFilesBuildPhase;
			buildActionMask = 2147483647;
			dstPath = /usr/share/man/man1/;
			dstSubfolderSpec = 0;
			files = (
			);
			runOnlyForDeploymentPostprocessing = 1;
		};
/* End PBXCopyFilesBuildPhase section */

/* Begin PBXFileReference section */
		B35916E32B17CB09006251ED /* ITS8020-Assignment */ = {isa = PBXFileReference; explicitFileType = "compiled.mach-o.executable"; includeInIndex = 0; path = "ITS8020-Assignment"; sourceTree = BUILT_PRODUCTS_DIR; };
		B35916E62B17CB09006251ED /* main.swift */ = {isa = PBXFileReference; lastKnownFileType = sourcecode.swift; path = main.swift; sourceTree = "<group>"; };
		B35916EF2B17D17D006251ED /* MenuItem.swift */ = {isa = PBXFileReference; lastKnownFileType = sourcecode.swift; path = MenuItem.swift; sourceTree = "<group>"; };
		B35916F22B17D3A0006251ED /* StorageSpaceController.swift */ = {isa = PBXFileReference; lastKnownFileType = sourcecode.swift; path = StorageSpaceController.swift; sourceTree = "<group>"; };
		B35916F42B17D408006251ED /* StorageSpaceModel.swift */ = {isa = PBXFileReference; lastKnownFileType = sourcecode.swift; path = StorageSpaceModel.swift; sourceTree = "<group>"; };
		B35916F62B17D453006251ED /* StorageSpaceView.swift */ = {isa = PBXFileReference; lastKnownFileType = sourcecode.swift; path = StorageSpaceView.swift; sourceTree = "<group>"; };
		B35916F92B17E11C006251ED /* StorageInformationView.swift */ = {isa = PBXFileReference; lastKnownFileType = sourcecode.swift; path = StorageInformationView.swift; sourceTree = "<group>"; };
		B35916FB2B17E12B006251ED /* StorageInformationModel.swift */ = {isa = PBXFileReference; lastKnownFileType = sourcecode.swift; path = StorageInformationModel.swift; sourceTree = "<group>"; };
		B35916FD2B17E137006251ED /* StorageInformationController.swift */ = {isa = PBXFileReference; lastKnownFileType = sourcecode.swift; path = StorageInformationController.swift; sourceTree = "<group>"; };
/* End PBXFileReference section */

/* Begin PBXFrameworksBuildPhase section */
		B35916E02B17CB09006251ED /* Frameworks */ = {
			isa = PBXFrameworksBuildPhase;
			buildActionMask = 2147483647;
			files = (
			);
			runOnlyForDeploymentPostprocessing = 0;
		};
/* End PBXFrameworksBuildPhase section */

/* Begin PBXGroup section */
		B35916DA2B17CB09006251ED = {
			isa = PBXGroup;
			children = (
				B35916E52B17CB09006251ED /* ITS8020-Assignment */,
				B35916E42B17CB09006251ED /* Products */,
			);
			sourceTree = "<group>";
		};
		B35916E42B17CB09006251ED /* Products */ = {
			isa = PBXGroup;
			children = (
				B35916E32B17CB09006251ED /* ITS8020-Assignment */,
			);
			name = Products;
			sourceTree = "<group>";
		};
		B35916E52B17CB09006251ED /* ITS8020-Assignment */ = {
			isa = PBXGroup;
			children = (
				B35916F82B17E08C006251ED /* StorageInformation */,
				B35916F12B17D348006251ED /* StorageSpace */,
				B35916EE2B17D168006251ED /* Menu */,
				B35916E62B17CB09006251ED /* main.swift */,
			);
			path = "ITS8020-Assignment";
			sourceTree = "<group>";
		};
		B35916EE2B17D168006251ED /* Menu */ = {
			isa = PBXGroup;
			children = (
				B35916EF2B17D17D006251ED /* MenuItem.swift */,
			);
			path = Menu;
			sourceTree = "<group>";
		};
		B35916F12B17D348006251ED /* StorageSpace */ = {
			isa = PBXGroup;
			children = (
				B35916F22B17D3A0006251ED /* StorageSpaceController.swift */,
				B35916F42B17D408006251ED /* StorageSpaceModel.swift */,
				B35916F62B17D453006251ED /* StorageSpaceView.swift */,
			);
			path = StorageSpace;
			sourceTree = "<group>";
		};
		B35916F82B17E08C006251ED /* StorageInformation */ = {
			isa = PBXGroup;
			children = (
				B35916F92B17E11C006251ED /* StorageInformationView.swift */,
				B35916FB2B17E12B006251ED /* StorageInformationModel.swift */,
				B35916FD2B17E137006251ED /* StorageInformationController.swift */,
			);
			path = StorageInformation;
			sourceTree = "<group>";
		};
/* End PBXGroup section */

/* Begin PBXNativeTarget section */
		B35916E22B17CB09006251ED /* ITS8020-Assignment */ = {
			isa = PBXNativeTarget;
			buildConfigurationList = B35916EA2B17CB09006251ED /* Build configuration list for PBXNativeTarget "ITS8020-Assignment" */;
			buildPhases = (
				B35916DF2B17CB09006251ED /* Sources */,
				B35916E02B17CB09006251ED /* Frameworks */,
				B35916E12B17CB09006251ED /* CopyFiles */,
			);
			buildRules = (
			);
			dependencies = (
			);
			name = "ITS8020-Assignment";
			productName = "ITS8020-Assignment";
			productReference = B35916E32B17CB09006251ED /* ITS8020-Assignment */;
			productType = "com.apple.product-type.tool";
		};
/* End PBXNativeTarget section */

/* Begin PBXProject section */
		B35916DB2B17CB09006251ED /* Project object */ = {
			isa = PBXProject;
			attributes = {
				BuildIndependentTargetsInParallel = 1;
				LastSwiftUpdateCheck = 1500;
				LastUpgradeCheck = 1500;
				TargetAttributes = {
					B35916E22B17CB09006251ED = {
						CreatedOnToolsVersion = 15.0.1;
					};
				};
			};
			buildConfigurationList = B35916DE2B17CB09006251ED /* Build configuration list for PBXProject "ITS8020-Assignment" */;
			compatibilityVersion = "Xcode 14.0";
			developmentRegion = en;
			hasScannedForEncodings = 0;
			knownRegions = (
				en,
				Base,
			);
			mainGroup = B35916DA2B17CB09006251ED;
			productRefGroup = B35916E42B17CB09006251ED /* Products */;
			projectDirPath = "";
			projectRoot = "";
			targets = (
				B35916E22B17CB09006251ED /* ITS8020-Assignment */,
			);
		};
/* End PBXProject section */

/* Begin PBXSourcesBuildPhase section */
		B35916DF2B17CB09006251ED /* Sources */ = {
			isa = PBXSourcesBuildPhase;
			buildActionMask = 2147483647;
			files = (
				B35916F52B17D408006251ED /* StorageSpaceModel.swift in Sources */,
				B35916FA2B17E11C006251ED /* StorageInformationView.swift in Sources */,
				B35916F32B17D3A0006251ED /* StorageSpaceController.swift in Sources */,
				B35916E72B17CB09006251ED /* main.swift in Sources */,
				B35916FE2B17E137006251ED /* StorageInformationController.swift in Sources */,
				B35916F02B17D17D006251ED /* MenuItem.swift in Sources */,
				B35916F72B17D453006251ED /* StorageSpaceView.swift in Sources */,
				B35916FC2B17E12B006251ED /* StorageInformationModel.swift in Sources */,
			);
			runOnlyForDeploymentPostprocessing = 0;
		};
/* End PBXSourcesBuildPhase section */

/* Begin XCBuildConfiguration section */
		B35916E82B17CB09006251ED /* Debug */ = {
			isa = XCBuildConfiguration;
			buildSettings = {
				ALWAYS_SEARCH_USER_PATHS = NO;
				ASSETCATALOG_COMPILER_GENERATE_SWIFT_ASSET_SYMBOL_EXTENSIONS = YES;
				CLANG_ANALYZER_NONNULL = YES;
				CLANG_ANALYZER_NUMBER_OBJECT_CONVERSION = YES_AGGRESSIVE;
				CLANG_CXX_LANGUAGE_STANDARD = "gnu++20";
				CLANG_ENABLE_MODULES = YES;
				CLANG_ENABLE_OBJC_ARC = YES;
				CLANG_ENABLE_OBJC_WEAK = YES;
				CLANG_WARN_BLOCK_CAPTURE_AUTORELEASING = YES;
				CLANG_WARN_BOOL_CONVERSION = YES;
				CLANG_WARN_COMMA = YES;
				CLANG_WARN_CONSTANT_CONVERSION = YES;
				CLANG_WARN_DEPRECATED_OBJC_IMPLEMENTATIONS = YES;
				CLANG_WARN_DIRECT_OBJC_ISA_USAGE = YES_ERROR;
				CLANG_WARN_DOCUMENTATION_COMMENTS = YES;
				CLANG_WARN_EMPTY_BODY = YES;
				CLANG_WARN_ENUM_CONVERSION = YES;
				CLANG_WARN_INFINITE_RECURSION = YES;
				CLANG_WARN_INT_CONVERSION = YES;
				CLANG_WARN_NON_LITERAL_NULL_CONVERSION = YES;
				CLANG_WARN_OBJC_IMPLICIT_RETAIN_SELF = YES;
				CLANG_WARN_OBJC_LITERAL_CONVERSION = YES;
				CLANG_WARN_OBJC_ROOT_CLASS = YES_ERROR;
				CLANG_WARN_QUOTED_INCLUDE_IN_FRAMEWORK_HEADER = YES;
				CLANG_WARN_RANGE_LOOP_ANALYSIS = YES;
				CLANG_WARN_STRICT_PROTOTYPES = YES;
				CLANG_WARN_SUSPICIOUS_MOVE = YES;
				CLANG_WARN_UNGUARDED_AVAILABILITY = YES_AGGRESSIVE;
				CLANG_WARN_UNREACHABLE_CODE = YES;
				CLANG_WARN__DUPLICATE_METHOD_MATCH = YES;
				COPY_PHASE_STRIP = NO;
				DEBUG_INFORMATION_FORMAT = dwarf;
				ENABLE_STRICT_OBJC_MSGSEND = YES;
				ENABLE_TESTABILITY = YES;
				ENABLE_USER_SCRIPT_SANDBOXING = YES;
				GCC_C_LANGUAGE_STANDARD = gnu17;
				GCC_DYNAMIC_NO_PIC = NO;
				GCC_NO_COMMON_BLOCKS = YES;
				GCC_OPTIMIZATION_LEVEL = 0;
				GCC_PREPROCESSOR_DEFINITIONS = (
					"DEBUG=1",
					"$(inherited)",
				);
				GCC_WARN_64_TO_32_BIT_CONVERSION = YES;
				GCC_WARN_ABOUT_RETURN_TYPE = YES_ERROR;
				GCC_WARN_UNDECLARED_SELECTOR = YES;
				GCC_WARN_UNINITIALIZED_AUTOS = YES_AGGRESSIVE;
				GCC_WARN_UNUSED_FUNCTION = YES;
				GCC_WARN_UNUSED_VARIABLE = YES;
				LOCALIZATION_PREFERS_STRING_CATALOGS = YES;
				MACOSX_DEPLOYMENT_TARGET = 13.6;
				MTL_ENABLE_DEBUG_INFO = INCLUDE_SOURCE;
				MTL_FAST_MATH = YES;
				ONLY_ACTIVE_ARCH = YES;
				SDKROOT = macosx;
				SWIFT_ACTIVE_COMPILATION_CONDITIONS = "DEBUG $(inherited)";
				SWIFT_OPTIMIZATION_LEVEL = "-Onone";
			};
			name = Debug;
		};
		B35916E92B17CB09006251ED /* Release */ = {
			isa = XCBuildConfiguration;
			buildSettings = {
				ALWAYS_SEARCH_USER_PATHS = NO;
				ASSETCATALOG_COMPILER_GENERATE_SWIFT_ASSET_SYMBOL_EXTENSIONS = YES;
				CLANG_ANALYZER_NONNULL = YES;
				CLANG_ANALYZER_NUMBER_OBJECT_CONVERSION = YES_AGGRESSIVE;
				CLANG_CXX_LANGUAGE_STANDARD = "gnu++20";
				CLANG_ENABLE_MODULES = YES;
				CLANG_ENABLE_OBJC_ARC = YES;
				CLANG_ENABLE_OBJC_WEAK = YES;
				CLANG_WARN_BLOCK_CAPTURE_AUTORELEASING = YES;
				CLANG_WARN_BOOL_CONVERSION = YES;
				CLANG_WARN_COMMA = YES;
				CLANG_WARN_CONSTANT_CONVERSION = YES;
				CLANG_WARN_DEPRECATED_OBJC_IMPLEMENTATIONS = YES;
				CLANG_WARN_DIRECT_OBJC_ISA_USAGE = YES_ERROR;
				CLANG_WARN_DOCUMENTATION_COMMENTS = YES;
				CLANG_WARN_EMPTY_BODY = YES;
				CLANG_WARN_ENUM_CONVERSION = YES;
				CLANG_WARN_INFINITE_RECURSION = YES;
				CLANG_WARN_INT_CONVERSION = YES;
				CLANG_WARN_NON_LITERAL_NULL_CONVERSION = YES;
				CLANG_WARN_OBJC_IMPLICIT_RETAIN_SELF = YES;
				CLANG_WARN_OBJC_LITERAL_CONVERSION = YES;
				CLANG_WARN_OBJC_ROOT_CLASS = YES_ERROR;
				CLANG_WARN_QUOTED_INCLUDE_IN_FRAMEWORK_HEADER = YES;
				CLANG_WARN_RANGE_LOOP_ANALYSIS = YES;
				CLANG_WARN_STRICT_PROTOTYPES = YES;
				CLANG_WARN_SUSPICIOUS_MOVE = YES;
				CLANG_WARN_UNGUARDED_AVAILABILITY = YES_AGGRESSIVE;
				CLANG_WARN_UNREACHABLE_CODE = YES;
				CLANG_WARN__DUPLICATE_METHOD_MATCH = YES;
				COPY_PHASE_STRIP = NO;
				DEBUG_INFORMATION_FORMAT = "dwarf-with-dsym";
				ENABLE_NS_ASSERTIONS = NO;
				ENABLE_STRICT_OBJC_MSGSEND = YES;
				ENABLE_USER_SCRIPT_SANDBOXING = YES;
				GCC_C_LANGUAGE_STANDARD = gnu17;
				GCC_NO_COMMON_BLOCKS = YES;
				GCC_WARN_64_TO_32_BIT_CONVERSION = YES;
				GCC_WARN_ABOUT_RETURN_TYPE = YES_ERROR;
				GCC_WARN_UNDECLARED_SELECTOR = YES;
				GCC_WARN_UNINITIALIZED_AUTOS = YES_AGGRESSIVE;
				GCC_WARN_UNUSED_FUNCTION = YES;
				GCC_WARN_UNUSED_VARIABLE = YES;
				LOCALIZATION_PREFERS_STRING_CATALOGS = YES;
				MACOSX_DEPLOYMENT_TARGET = 13.6;
				MTL_ENABLE_DEBUG_INFO = NO;
				MTL_FAST_MATH = YES;
				SDKROOT = macosx;
				SWIFT_COMPILATION_MODE = wholemodule;
			};
			name = Release;
		};
		B35916EB2B17CB09006251ED /* Debug */ = {
			isa = XCBuildConfiguration;
			buildSettings = {
				CODE_SIGN_STYLE = Automatic;
				PRODUCT_NAME = "$(TARGET_NAME)";
				SWIFT_VERSION = 5.0;
			};
			name = Debug;
		};
		B35916EC2B17CB09006251ED /* Release */ = {
			isa = XCBuildConfiguration;
			buildSettings = {
				CODE_SIGN_STYLE = Automatic;
				PRODUCT_NAME = "$(TARGET_NAME)";
				SWIFT_VERSION = 5.0;
			};
			name = Release;
		};
/* End XCBuildConfiguration section */

/* Begin XCConfigurationList section */
		B35916DE2B17CB09006251ED /* Build configuration list for PBXProject "ITS8020-Assignment" */ = {
			isa = XCConfigurationList;
			buildConfigurations = (
				B35916E82B17CB09006251ED /* Debug */,
				B35916E92B17CB09006251ED /* Release */,
			);
			defaultConfigurationIsVisible = 0;
			defaultConfigurationName = Release;
		};
		B35916EA2B17CB09006251ED /* Build configuration list for PBXNativeTarget "ITS8020-Assignment" */ = {
			isa = XCConfigurationList;
			buildConfigurations = (
				B35916EB2B17CB09006251ED /* Debug */,
				B35916EC2B17CB09006251ED /* Release */,
			);
			defaultConfigurationIsVisible = 0;
			defaultConfigurationName = Release;
		};
/* End XCConfigurationList section */
	};
	rootObject = B35916DB2B17CB09006251ED /* Project object */;
}
